// !$*UTF8*$!
{
	archiveVersion = 1;
	classes = {
	};
	objectVersion = 51;
	objects = {

/* Begin PBXBuildFile section */
		2710452522CEFE0300CAB1C9 /* ConfigurationViewController.swift in Sources */ = {isa = PBXBuildFile; fileRef = 2710452422CEFE0300CAB1C9 /* ConfigurationViewController.swift */; };
		2710452722CF06EE00CAB1C9 /* Wall.swift in Sources */ = {isa = PBXBuildFile; fileRef = 2710452622CF06EE00CAB1C9 /* Wall.swift */; };
		272D05C922C5BF5900EFBE35 /* DesignableTextField.swift in Sources */ = {isa = PBXBuildFile; fileRef = 272D05C822C5BF5900EFBE35 /* DesignableTextField.swift */; };
		27334EB722D0345A00F529BF /* MyCreationsNavigationController.swift in Sources */ = {isa = PBXBuildFile; fileRef = 27334EB622D0345A00F529BF /* MyCreationsNavigationController.swift */; };
		2765D89D22C9452A00898C92 /* User.swift in Sources */ = {isa = PBXBuildFile; fileRef = 2765D89C22C9452A00898C92 /* User.swift */; };
		2777F86B22BE6D1000ACFAFA /* LoginViewController.swift in Sources */ = {isa = PBXBuildFile; fileRef = 2777F86A22BE6D1000ACFAFA /* LoginViewController.swift */; };
		2777F86F22BE896300ACFAFA /* AuthMaker.swift in Sources */ = {isa = PBXBuildFile; fileRef = 2777F86E22BE896300ACFAFA /* AuthMaker.swift */; };
		2777F87122BE8C5400ACFAFA /* Result.swift in Sources */ = {isa = PBXBuildFile; fileRef = 2777F87022BE8C5400ACFAFA /* Result.swift */; };
		27BB5E2D22BE5279009F57A3 /* AppDelegate.swift in Sources */ = {isa = PBXBuildFile; fileRef = 27BB5E2C22BE5279009F57A3 /* AppDelegate.swift */; };
		27BB5E2F22BE5279009F57A3 /* ViewController.swift in Sources */ = {isa = PBXBuildFile; fileRef = 27BB5E2E22BE5279009F57A3 /* ViewController.swift */; };
		27BB5E3222BE5279009F57A3 /* Main.storyboard in Resources */ = {isa = PBXBuildFile; fileRef = 27BB5E3022BE5279009F57A3 /* Main.storyboard */; };
		27BB5E3422BE527C009F57A3 /* Assets.xcassets in Resources */ = {isa = PBXBuildFile; fileRef = 27BB5E3322BE527C009F57A3 /* Assets.xcassets */; };
		27BB5E3722BE527C009F57A3 /* LaunchScreen.storyboard in Resources */ = {isa = PBXBuildFile; fileRef = 27BB5E3522BE527C009F57A3 /* LaunchScreen.storyboard */; };
		27BB5E4422BE5ABF009F57A3 /* GradientView.swift in Sources */ = {isa = PBXBuildFile; fileRef = 27BB5E4322BE5ABF009F57A3 /* GradientView.swift */; };
		27BB5E4622BE5B1E009F57A3 /* UIViewExtensions.swift in Sources */ = {isa = PBXBuildFile; fileRef = 27BB5E4522BE5B1E009F57A3 /* UIViewExtensions.swift */; };
		27BB5E4822BE6038009F57A3 /* GoogleService-Info.plist in Resources */ = {isa = PBXBuildFile; fileRef = 27BB5E4722BE6038009F57A3 /* GoogleService-Info.plist */; };
		27DFB06122C9684C0031D0AB /* Picture.swift in Sources */ = {isa = PBXBuildFile; fileRef = 27DFB06022C9684C0031D0AB /* Picture.swift */; };
		27DFB06322C9730B0031D0AB /* DocumentSnapshot.swift in Sources */ = {isa = PBXBuildFile; fileRef = 27DFB06222C9730B0031D0AB /* DocumentSnapshot.swift */; };
		27FA15E322C2F5E40020D169 /* RequestMaker.swift in Sources */ = {isa = PBXBuildFile; fileRef = 27FA15E222C2F5E40020D169 /* RequestMaker.swift */; };
		4A4B62CC22C7EA76008BABE9 /* WallsCollectionViewCell.swift in Sources */ = {isa = PBXBuildFile; fileRef = 4A4B62CB22C7EA76008BABE9 /* WallsCollectionViewCell.swift */; };
		4A4B62CE22C7EDB8008BABE9 /* UIImageViewExtensions.swift in Sources */ = {isa = PBXBuildFile; fileRef = 4A4B62CD22C7EDB8008BABE9 /* UIImageViewExtensions.swift */; };
		4A4B62D222C804F8008BABE9 /* WallsPresenter.swift in Sources */ = {isa = PBXBuildFile; fileRef = 4A4B62D122C804F8008BABE9 /* WallsPresenter.swift */; };
		4A4B62E022C84350008BABE9 /* MyCreationsViewController.swift in Sources */ = {isa = PBXBuildFile; fileRef = 4A4B62DF22C84350008BABE9 /* MyCreationsViewController.swift */; };
		4A4B62E222C84561008BABE9 /* PicturesCollectionViewCell.swift in Sources */ = {isa = PBXBuildFile; fileRef = 4A4B62E122C84561008BABE9 /* PicturesCollectionViewCell.swift */; };
		4A4B62E422C846ED008BABE9 /* PicturesPresenter.swift in Sources */ = {isa = PBXBuildFile; fileRef = 4A4B62E322C846ED008BABE9 /* PicturesPresenter.swift */; };
		4A526DD722BE71F900773FBD /* Configurations.storyboard in Resources */ = {isa = PBXBuildFile; fileRef = 4A526DD622BE71F900773FBD /* Configurations.storyboard */; };
		4A526DD922BE721B00773FBD /* Create.storyboard in Resources */ = {isa = PBXBuildFile; fileRef = 4A526DD822BE721B00773FBD /* Create.storyboard */; };
		4A526DDB22BE723100773FBD /* MyCreations.storyboard in Resources */ = {isa = PBXBuildFile; fileRef = 4A526DDA22BE723100773FBD /* MyCreations.storyboard */; };
		4A526DDD22BE726000773FBD /* Login.storyboard in Resources */ = {isa = PBXBuildFile; fileRef = 4A526DDC22BE726000773FBD /* Login.storyboard */; };
		4A526DE322BE9BB500773FBD /* StoryboardManager.swift in Sources */ = {isa = PBXBuildFile; fileRef = 4A526DE222BE9BB500773FBD /* StoryboardManager.swift */; };
		4A526DE522BEB3CE00773FBD /* AppStoryboard.swift in Sources */ = {isa = PBXBuildFile; fileRef = 4A526DE422BEB3CE00773FBD /* AppStoryboard.swift */; };
		4A526DE722BEBEDD00773FBD /* UIViewControllerExtensions.swift in Sources */ = {isa = PBXBuildFile; fileRef = 4A526DE622BEBEDD00773FBD /* UIViewControllerExtensions.swift */; };
		4A8B263722CAD7EE007628F7 /* AllPicturesCollectionViewCell.swift in Sources */ = {isa = PBXBuildFile; fileRef = 4A8B263622CAD7EE007628F7 /* AllPicturesCollectionViewCell.swift */; };
		4A8B263A22CAD9E1007628F7 /* AllPicturesPresenter.swift in Sources */ = {isa = PBXBuildFile; fileRef = 4A8B263922CAD9E1007628F7 /* AllPicturesPresenter.swift */; };
		4A8B263C22CADA1C007628F7 /* AllPicturesViewController.swift in Sources */ = {isa = PBXBuildFile; fileRef = 4A8B263B22CADA1C007628F7 /* AllPicturesViewController.swift */; };
		7A599981ECE159588DB6F5D1 /* Pods_tcc_treinamento_ios.framework in Frameworks */ = {isa = PBXBuildFile; fileRef = 79990C3ACB70F21CE477D5A6 /* Pods_tcc_treinamento_ios.framework */; };
		8A24AAA322C7DC4400BD8534 /* ImagePicker.swift in Sources */ = {isa = PBXBuildFile; fileRef = 8A24AAA222C7DC4400BD8534 /* ImagePicker.swift */; };
		8A24AAA622C7E17800BD8534 /* CreateWallViewController.swift in Sources */ = {isa = PBXBuildFile; fileRef = 8A24AAA522C7E17800BD8534 /* CreateWallViewController.swift */; };
		8A24AAA822C8105B00BD8534 /* UIImageExtensions.swift in Sources */ = {isa = PBXBuildFile; fileRef = 8A24AAA722C8105B00BD8534 /* UIImageExtensions.swift */; };
		8A74054122CA2CFE00350056 /* TabItemView.swift in Sources */ = {isa = PBXBuildFile; fileRef = 8A74054022CA2CFE00350056 /* TabItemView.swift */; };
		8A74054322CA2E3D00350056 /* TabItemView.xib in Resources */ = {isa = PBXBuildFile; fileRef = 8A74054222CA2E3D00350056 /* TabItemView.xib */; };
		8AD1939D22CEEEB400A97250 /* TryOut.storyboard in Resources */ = {isa = PBXBuildFile; fileRef = 8AD1939C22CEEEB400A97250 /* TryOut.storyboard */; };
		8AD1939F22CEEF8500A97250 /* TryOutViewController.swift in Sources */ = {isa = PBXBuildFile; fileRef = 8AD1939E22CEEF8500A97250 /* TryOutViewController.swift */; };
		8AF0C53F22CFDAAF00C80F97 /* PictureView.swift in Sources */ = {isa = PBXBuildFile; fileRef = 8AF0C53E22CFDAAF00C80F97 /* PictureView.swift */; };
/* End PBXBuildFile section */

/* Begin PBXFileReference section */
		2710452422CEFE0300CAB1C9 /* ConfigurationViewController.swift */ = {isa = PBXFileReference; lastKnownFileType = sourcecode.swift; path = ConfigurationViewController.swift; sourceTree = SOURCE_ROOT; };
		2710452622CF06EE00CAB1C9 /* Wall.swift */ = {isa = PBXFileReference; lastKnownFileType = sourcecode.swift; path = Wall.swift; sourceTree = "<group>"; };
		272D05C822C5BF5900EFBE35 /* DesignableTextField.swift */ = {isa = PBXFileReference; lastKnownFileType = sourcecode.swift; path = DesignableTextField.swift; sourceTree = "<group>"; };
		27334EB622D0345A00F529BF /* MyCreationsNavigationController.swift */ = {isa = PBXFileReference; lastKnownFileType = sourcecode.swift; path = MyCreationsNavigationController.swift; sourceTree = "<group>"; };
		2765D89C22C9452A00898C92 /* User.swift */ = {isa = PBXFileReference; lastKnownFileType = sourcecode.swift; path = User.swift; sourceTree = "<group>"; };
		2777F86A22BE6D1000ACFAFA /* LoginViewController.swift */ = {isa = PBXFileReference; lastKnownFileType = sourcecode.swift; path = LoginViewController.swift; sourceTree = "<group>"; };
		2777F86E22BE896300ACFAFA /* AuthMaker.swift */ = {isa = PBXFileReference; lastKnownFileType = sourcecode.swift; path = AuthMaker.swift; sourceTree = "<group>"; };
		2777F87022BE8C5400ACFAFA /* Result.swift */ = {isa = PBXFileReference; lastKnownFileType = sourcecode.swift; path = Result.swift; sourceTree = "<group>"; };
		27BB5E2922BE5279009F57A3 /* tcc-treinamento-ios.app */ = {isa = PBXFileReference; explicitFileType = wrapper.application; includeInIndex = 0; path = "tcc-treinamento-ios.app"; sourceTree = BUILT_PRODUCTS_DIR; };
		27BB5E2C22BE5279009F57A3 /* AppDelegate.swift */ = {isa = PBXFileReference; lastKnownFileType = sourcecode.swift; path = AppDelegate.swift; sourceTree = "<group>"; };
		27BB5E2E22BE5279009F57A3 /* ViewController.swift */ = {isa = PBXFileReference; lastKnownFileType = sourcecode.swift; path = ViewController.swift; sourceTree = "<group>"; };
		27BB5E3122BE5279009F57A3 /* Base */ = {isa = PBXFileReference; lastKnownFileType = file.storyboard; name = Base; path = Base.lproj/Main.storyboard; sourceTree = "<group>"; };
		27BB5E3322BE527C009F57A3 /* Assets.xcassets */ = {isa = PBXFileReference; lastKnownFileType = folder.assetcatalog; path = Assets.xcassets; sourceTree = "<group>"; };
		27BB5E3622BE527C009F57A3 /* Base */ = {isa = PBXFileReference; lastKnownFileType = file.storyboard; name = Base; path = Base.lproj/LaunchScreen.storyboard; sourceTree = "<group>"; };
		27BB5E3822BE527C009F57A3 /* Info.plist */ = {isa = PBXFileReference; lastKnownFileType = text.plist.xml; path = Info.plist; sourceTree = "<group>"; };
		27BB5E4322BE5ABF009F57A3 /* GradientView.swift */ = {isa = PBXFileReference; lastKnownFileType = sourcecode.swift; path = GradientView.swift; sourceTree = "<group>"; };
		27BB5E4522BE5B1E009F57A3 /* UIViewExtensions.swift */ = {isa = PBXFileReference; lastKnownFileType = sourcecode.swift; path = UIViewExtensions.swift; sourceTree = "<group>"; };
		27BB5E4722BE6038009F57A3 /* GoogleService-Info.plist */ = {isa = PBXFileReference; fileEncoding = 4; lastKnownFileType = text.plist.xml; path = "GoogleService-Info.plist"; sourceTree = "<group>"; };
		27DFB06022C9684C0031D0AB /* Picture.swift */ = {isa = PBXFileReference; lastKnownFileType = sourcecode.swift; path = Picture.swift; sourceTree = "<group>"; };
		27DFB06222C9730B0031D0AB /* DocumentSnapshot.swift */ = {isa = PBXFileReference; lastKnownFileType = sourcecode.swift; path = DocumentSnapshot.swift; sourceTree = "<group>"; };
		27FA15E222C2F5E40020D169 /* RequestMaker.swift */ = {isa = PBXFileReference; lastKnownFileType = sourcecode.swift; path = RequestMaker.swift; sourceTree = "<group>"; };
		4A4B62CB22C7EA76008BABE9 /* WallsCollectionViewCell.swift */ = {isa = PBXFileReference; lastKnownFileType = sourcecode.swift; name = WallsCollectionViewCell.swift; path = "tcc-treinamento-ios/Components/WallsCollectionViewCell.swift"; sourceTree = SOURCE_ROOT; };
		4A4B62CD22C7EDB8008BABE9 /* UIImageViewExtensions.swift */ = {isa = PBXFileReference; lastKnownFileType = sourcecode.swift; path = UIImageViewExtensions.swift; sourceTree = "<group>"; };
		4A4B62D122C804F8008BABE9 /* WallsPresenter.swift */ = {isa = PBXFileReference; lastKnownFileType = sourcecode.swift; path = WallsPresenter.swift; sourceTree = "<group>"; };
		4A4B62DF22C84350008BABE9 /* MyCreationsViewController.swift */ = {isa = PBXFileReference; lastKnownFileType = sourcecode.swift; path = MyCreationsViewController.swift; sourceTree = "<group>"; };
		4A4B62E122C84561008BABE9 /* PicturesCollectionViewCell.swift */ = {isa = PBXFileReference; lastKnownFileType = sourcecode.swift; path = PicturesCollectionViewCell.swift; sourceTree = "<group>"; };
		4A4B62E322C846ED008BABE9 /* PicturesPresenter.swift */ = {isa = PBXFileReference; lastKnownFileType = sourcecode.swift; name = PicturesPresenter.swift; path = "tcc-treinamento-ios/Modules/MyCreations/Sections/picture/PicturesPresenter.swift"; sourceTree = SOURCE_ROOT; };
		4A526DD622BE71F900773FBD /* Configurations.storyboard */ = {isa = PBXFileReference; lastKnownFileType = file.storyboard; path = Configurations.storyboard; sourceTree = "<group>"; };
		4A526DD822BE721B00773FBD /* Create.storyboard */ = {isa = PBXFileReference; lastKnownFileType = file.storyboard; path = Create.storyboard; sourceTree = "<group>"; };
		4A526DDA22BE723100773FBD /* MyCreations.storyboard */ = {isa = PBXFileReference; lastKnownFileType = file.storyboard; path = MyCreations.storyboard; sourceTree = "<group>"; };
		4A526DDC22BE726000773FBD /* Login.storyboard */ = {isa = PBXFileReference; lastKnownFileType = file.storyboard; path = Login.storyboard; sourceTree = "<group>"; };
		4A526DE222BE9BB500773FBD /* StoryboardManager.swift */ = {isa = PBXFileReference; lastKnownFileType = sourcecode.swift; path = StoryboardManager.swift; sourceTree = "<group>"; };
		4A526DE422BEB3CE00773FBD /* AppStoryboard.swift */ = {isa = PBXFileReference; lastKnownFileType = sourcecode.swift; path = AppStoryboard.swift; sourceTree = "<group>"; };
		4A526DE622BEBEDD00773FBD /* UIViewControllerExtensions.swift */ = {isa = PBXFileReference; lastKnownFileType = sourcecode.swift; path = UIViewControllerExtensions.swift; sourceTree = "<group>"; };
		4A8B263622CAD7EE007628F7 /* AllPicturesCollectionViewCell.swift */ = {isa = PBXFileReference; lastKnownFileType = sourcecode.swift; path = AllPicturesCollectionViewCell.swift; sourceTree = "<group>"; };
		4A8B263922CAD9E1007628F7 /* AllPicturesPresenter.swift */ = {isa = PBXFileReference; lastKnownFileType = sourcecode.swift; path = AllPicturesPresenter.swift; sourceTree = "<group>"; };
		4A8B263B22CADA1C007628F7 /* AllPicturesViewController.swift */ = {isa = PBXFileReference; lastKnownFileType = sourcecode.swift; path = AllPicturesViewController.swift; sourceTree = "<group>"; };
		57460143793D8A7B7B51C722 /* Pods-tcc-treinamento-ios.debug.xcconfig */ = {isa = PBXFileReference; includeInIndex = 1; lastKnownFileType = text.xcconfig; name = "Pods-tcc-treinamento-ios.debug.xcconfig"; path = "Target Support Files/Pods-tcc-treinamento-ios/Pods-tcc-treinamento-ios.debug.xcconfig"; sourceTree = "<group>"; };
		607FC50DF8EB003F2B6BACC5 /* Pods-tcc-treinamento-ios.release.xcconfig */ = {isa = PBXFileReference; includeInIndex = 1; lastKnownFileType = text.xcconfig; name = "Pods-tcc-treinamento-ios.release.xcconfig"; path = "Target Support Files/Pods-tcc-treinamento-ios/Pods-tcc-treinamento-ios.release.xcconfig"; sourceTree = "<group>"; };
		79990C3ACB70F21CE477D5A6 /* Pods_tcc_treinamento_ios.framework */ = {isa = PBXFileReference; explicitFileType = wrapper.framework; includeInIndex = 0; path = Pods_tcc_treinamento_ios.framework; sourceTree = BUILT_PRODUCTS_DIR; };
		8A24AAA222C7DC4400BD8534 /* ImagePicker.swift */ = {isa = PBXFileReference; lastKnownFileType = sourcecode.swift; path = ImagePicker.swift; sourceTree = "<group>"; };
		8A24AAA522C7E17800BD8534 /* CreateWallViewController.swift */ = {isa = PBXFileReference; lastKnownFileType = sourcecode.swift; path = CreateWallViewController.swift; sourceTree = "<group>"; };
		8A24AAA722C8105B00BD8534 /* UIImageExtensions.swift */ = {isa = PBXFileReference; lastKnownFileType = sourcecode.swift; path = UIImageExtensions.swift; sourceTree = "<group>"; };
		8A74054022CA2CFE00350056 /* TabItemView.swift */ = {isa = PBXFileReference; lastKnownFileType = sourcecode.swift; path = TabItemView.swift; sourceTree = "<group>"; };
		8A74054222CA2E3D00350056 /* TabItemView.xib */ = {isa = PBXFileReference; lastKnownFileType = file.xib; path = TabItemView.xib; sourceTree = "<group>"; };
		8AD1939C22CEEEB400A97250 /* TryOut.storyboard */ = {isa = PBXFileReference; lastKnownFileType = file.storyboard; path = TryOut.storyboard; sourceTree = "<group>"; };
		8AD1939E22CEEF8500A97250 /* TryOutViewController.swift */ = {isa = PBXFileReference; lastKnownFileType = sourcecode.swift; path = TryOutViewController.swift; sourceTree = "<group>"; };
		8AF0C53E22CFDAAF00C80F97 /* PictureView.swift */ = {isa = PBXFileReference; lastKnownFileType = sourcecode.swift; path = PictureView.swift; sourceTree = "<group>"; };
/* End PBXFileReference section */

/* Begin PBXFrameworksBuildPhase section */
		27BB5E2622BE5279009F57A3 /* Frameworks */ = {
			isa = PBXFrameworksBuildPhase;
			buildActionMask = 2147483647;
			files = (
				7A599981ECE159588DB6F5D1 /* Pods_tcc_treinamento_ios.framework in Frameworks */,
			);
			runOnlyForDeploymentPostprocessing = 0;
		};
/* End PBXFrameworksBuildPhase section */

/* Begin PBXGroup section */
		0F585139CB248FA142DFDDC4 /* Pods */ = {
			isa = PBXGroup;
			children = (
				57460143793D8A7B7B51C722 /* Pods-tcc-treinamento-ios.debug.xcconfig */,
				607FC50DF8EB003F2B6BACC5 /* Pods-tcc-treinamento-ios.release.xcconfig */,
			);
			path = Pods;
			sourceTree = "<group>";
		};
		2777F86822BE6C8B00ACFAFA /* Login */ = {
			isa = PBXGroup;
			children = (
				4A526DE122BE85DF00773FBD /* Sections */,
				4A526DDC22BE726000773FBD /* Login.storyboard */,
			);
			path = Login;
			sourceTree = "<group>";
		};
		2777F86C22BE880700ACFAFA /* Login */ = {
			isa = PBXGroup;
			children = (
				2777F86A22BE6D1000ACFAFA /* LoginViewController.swift */,
			);
			path = Login;
			sourceTree = "<group>";
		};
		27BB5E2022BE5279009F57A3 = {
			isa = PBXGroup;
			children = (
				27BB5E2B22BE5279009F57A3 /* tcc-treinamento-ios */,
				27BB5E2A22BE5279009F57A3 /* Products */,
				0F585139CB248FA142DFDDC4 /* Pods */,
				5CD74D53F333CE4F350798C7 /* Frameworks */,
			);
			sourceTree = "<group>";
		};
		27BB5E2A22BE5279009F57A3 /* Products */ = {
			isa = PBXGroup;
			children = (
				27BB5E2922BE5279009F57A3 /* tcc-treinamento-ios.app */,
			);
			name = Products;
			sourceTree = "<group>";
		};
		27BB5E2B22BE5279009F57A3 /* tcc-treinamento-ios */ = {
			isa = PBXGroup;
			children = (
				8A24AAA122C7DC3400BD8534 /* Components */,
				4A526DD122BE700C00773FBD /* Modules */,
				27BB5E4222BE5A76009F57A3 /* Models */,
				27BB5E3F22BE59F8009F57A3 /* API */,
				27BB5E4122BE5A6B009F57A3 /* Extensions */,
				27BB5E4022BE5A01009F57A3 /* CustomViews */,
				27BB5E2C22BE5279009F57A3 /* AppDelegate.swift */,
				4A526DE422BEB3CE00773FBD /* AppStoryboard.swift */,
				4A526DE222BE9BB500773FBD /* StoryboardManager.swift */,
				27BB5E3322BE527C009F57A3 /* Assets.xcassets */,
				27BB5E3522BE527C009F57A3 /* LaunchScreen.storyboard */,
				27BB5E3822BE527C009F57A3 /* Info.plist */,
				27BB5E4722BE6038009F57A3 /* GoogleService-Info.plist */,
			);
			path = "tcc-treinamento-ios";
			sourceTree = "<group>";
		};
		27BB5E3F22BE59F8009F57A3 /* API */ = {
			isa = PBXGroup;
			children = (
				2777F86E22BE896300ACFAFA /* AuthMaker.swift */,
				2777F87022BE8C5400ACFAFA /* Result.swift */,
				27FA15E222C2F5E40020D169 /* RequestMaker.swift */,
			);
			path = API;
			sourceTree = "<group>";
		};
		27BB5E4022BE5A01009F57A3 /* CustomViews */ = {
			isa = PBXGroup;
			children = (
				8AF0C53D22CFDA4200C80F97 /* PictureView */,
				8A74053F22CA2CED00350056 /* TabItemView */,
				27BB5E4322BE5ABF009F57A3 /* GradientView.swift */,
				272D05C822C5BF5900EFBE35 /* DesignableTextField.swift */,
			);
			path = CustomViews;
			sourceTree = "<group>";
		};
		27BB5E4122BE5A6B009F57A3 /* Extensions */ = {
			isa = PBXGroup;
			children = (
				27BB5E4522BE5B1E009F57A3 /* UIViewExtensions.swift */,
				4A526DE622BEBEDD00773FBD /* UIViewControllerExtensions.swift */,
				4A4B62CD22C7EDB8008BABE9 /* UIImageViewExtensions.swift */,
				8A24AAA722C8105B00BD8534 /* UIImageExtensions.swift */,
				27DFB06222C9730B0031D0AB /* DocumentSnapshot.swift */,
			);
			path = Extensions;
			sourceTree = "<group>";
		};
		27BB5E4222BE5A76009F57A3 /* Models */ = {
			isa = PBXGroup;
			children = (
				2765D89C22C9452A00898C92 /* User.swift */,
				27DFB06022C9684C0031D0AB /* Picture.swift */,
				2710452622CF06EE00CAB1C9 /* Wall.swift */,
			);
			path = Models;
			sourceTree = "<group>";
		};
		4A4B62D522C83873008BABE9 /* walls */ = {
			isa = PBXGroup;
			children = (
				4A4B62D122C804F8008BABE9 /* WallsPresenter.swift */,
			);
			path = walls;
			sourceTree = "<group>";
		};
		4A4B62D622C8394E008BABE9 /* pictures */ = {
			isa = PBXGroup;
			children = (
				4A4B62E322C846ED008BABE9 /* PicturesPresenter.swift */,
			);
			path = pictures;
			sourceTree = "<group>";
		};
		4A526DD122BE700C00773FBD /* Modules */ = {
			isa = PBXGroup;
			children = (
				4A526DD522BE70AC00773FBD /* Configurations */,
				4A526DD322BE704C00773FBD /* Create */,
				4A526DD422BE707400773FBD /* Home */,
				2777F86822BE6C8B00ACFAFA /* Login */,
				4A526DD222BE703200773FBD /* MyCreations */,
				8AC0092722CEEE760029CD2E /* TryOut */,
			);
			path = Modules;
			sourceTree = "<group>";
		};
		4A526DD222BE703200773FBD /* MyCreations */ = {
			isa = PBXGroup;
			children = (
				4A526DE022BE729700773FBD /* Sections */,
				4A526DDA22BE723100773FBD /* MyCreations.storyboard */,
			);
			path = MyCreations;
			sourceTree = "<group>";
		};
		4A526DD322BE704C00773FBD /* Create */ = {
			isa = PBXGroup;
			children = (
				4A526DDF22BE728D00773FBD /* Sections */,
				4A526DD822BE721B00773FBD /* Create.storyboard */,
			);
			path = Create;
			sourceTree = "<group>";
		};
		4A526DD422BE707400773FBD /* Home */ = {
			isa = PBXGroup;
			children = (
				27BB5E2E22BE5279009F57A3 /* ViewController.swift */,
				27BB5E3022BE5279009F57A3 /* Main.storyboard */,
			);
			path = Home;
			sourceTree = "<group>";
		};
		4A526DD522BE70AC00773FBD /* Configurations */ = {
			isa = PBXGroup;
			children = (
				4A526DDE22BE728000773FBD /* Sections */,
				4A526DD622BE71F900773FBD /* Configurations.storyboard */,
			);
			path = Configurations;
			sourceTree = "<group>";
		};
		4A526DDE22BE728000773FBD /* Sections */ = {
			isa = PBXGroup;
			children = (
				2710452422CEFE0300CAB1C9 /* ConfigurationViewController.swift */,
			);
			path = Sections;
			sourceTree = "<group>";
		};
		4A526DDF22BE728D00773FBD /* Sections */ = {
			isa = PBXGroup;
			children = (
				4A8B263822CAD970007628F7 /* AllPictures */,
				8A24AAA422C7E14D00BD8534 /* Wall */,
			);
			path = Sections;
			sourceTree = "<group>";
		};
		4A526DE022BE729700773FBD /* Sections */ = {
			isa = PBXGroup;
			children = (
				4A4B62D622C8394E008BABE9 /* pictures */,
				4A4B62D522C83873008BABE9 /* walls */,
				4A4B62DF22C84350008BABE9 /* MyCreationsViewController.swift */,
				27334EB622D0345A00F529BF /* MyCreationsNavigationController.swift */,
			);
			path = Sections;
			sourceTree = "<group>";
		};
		4A526DE122BE85DF00773FBD /* Sections */ = {
			isa = PBXGroup;
			children = (
				2777F86C22BE880700ACFAFA /* Login */,
			);
			path = Sections;
			sourceTree = "<group>";
		};
		4A8B263822CAD970007628F7 /* AllPictures */ = {
			isa = PBXGroup;
			children = (
				4A8B263922CAD9E1007628F7 /* AllPicturesPresenter.swift */,
				4A8B263B22CADA1C007628F7 /* AllPicturesViewController.swift */,
			);
			path = AllPictures;
			sourceTree = "<group>";
		};
		5CD74D53F333CE4F350798C7 /* Frameworks */ = {
			isa = PBXGroup;
			children = (
				79990C3ACB70F21CE477D5A6 /* Pods_tcc_treinamento_ios.framework */,
			);
			name = Frameworks;
			sourceTree = "<group>";
		};
		8A24AAA122C7DC3400BD8534 /* Components */ = {
			isa = PBXGroup;
			children = (
				4A4B62CB22C7EA76008BABE9 /* WallsCollectionViewCell.swift */,
				4A4B62E122C84561008BABE9 /* PicturesCollectionViewCell.swift */,
				8A24AAA222C7DC4400BD8534 /* ImagePicker.swift */,
				4A8B263622CAD7EE007628F7 /* AllPicturesCollectionViewCell.swift */,
			);
			path = Components;
			sourceTree = "<group>";
		};
		8A24AAA422C7E14D00BD8534 /* Wall */ = {
			isa = PBXGroup;
			children = (
				8A24AAA522C7E17800BD8534 /* CreateWallViewController.swift */,
			);
			path = Wall;
			sourceTree = "<group>";
		};
		8A74053F22CA2CED00350056 /* TabItemView */ = {
			isa = PBXGroup;
			children = (
				8A74054022CA2CFE00350056 /* TabItemView.swift */,
				8A74054222CA2E3D00350056 /* TabItemView.xib */,
			);
			path = TabItemView;
			sourceTree = "<group>";
		};
		8AC0092722CEEE760029CD2E /* TryOut */ = {
			isa = PBXGroup;
			children = (
				8AD1939C22CEEEB400A97250 /* TryOut.storyboard */,
				8AD1939E22CEEF8500A97250 /* TryOutViewController.swift */,
			);
			path = TryOut;
			sourceTree = "<group>";
		};
		8AF0C53D22CFDA4200C80F97 /* PictureView */ = {
			isa = PBXGroup;
			children = (
				8AF0C53E22CFDAAF00C80F97 /* PictureView.swift */,
			);
			path = PictureView;
			sourceTree = "<group>";
		};
/* End PBXGroup section */

/* Begin PBXNativeTarget section */
		27BB5E2822BE5279009F57A3 /* tcc-treinamento-ios */ = {
			isa = PBXNativeTarget;
			buildConfigurationList = 27BB5E3B22BE527C009F57A3 /* Build configuration list for PBXNativeTarget "tcc-treinamento-ios" */;
			buildPhases = (
				9803B3A66A4F0030380A65AF /* [CP] Check Pods Manifest.lock */,
				27BB5E2522BE5279009F57A3 /* Sources */,
				27BB5E2622BE5279009F57A3 /* Frameworks */,
				27BB5E2722BE5279009F57A3 /* Resources */,
				03D2F941C8C42F33C247E63F /* [CP] Embed Pods Frameworks */,
			);
			buildRules = (
			);
			dependencies = (
			);
			name = "tcc-treinamento-ios";
			productName = "tcc-treinamento-ios";
			productReference = 27BB5E2922BE5279009F57A3 /* tcc-treinamento-ios.app */;
			productType = "com.apple.product-type.application";
		};
/* End PBXNativeTarget section */

/* Begin PBXProject section */
		27BB5E2122BE5279009F57A3 /* Project object */ = {
			isa = PBXProject;
			attributes = {
				LastSwiftUpdateCheck = 1010;
				LastUpgradeCheck = 1010;
				ORGANIZATIONNAME = "CWI software";
				TargetAttributes = {
					27BB5E2822BE5279009F57A3 = {
						CreatedOnToolsVersion = 10.1;
					};
				};
			};
			buildConfigurationList = 27BB5E2422BE5279009F57A3 /* Build configuration list for PBXProject "tcc-treinamento-ios" */;
			compatibilityVersion = "Xcode 9.3";
			developmentRegion = en;
			hasScannedForEncodings = 0;
			knownRegions = (
				en,
				Base,
			);
			mainGroup = 27BB5E2022BE5279009F57A3;
			productRefGroup = 27BB5E2A22BE5279009F57A3 /* Products */;
			projectDirPath = "";
			projectRoot = "";
			targets = (
				27BB5E2822BE5279009F57A3 /* tcc-treinamento-ios */,
			);
		};
/* End PBXProject section */

/* Begin PBXResourcesBuildPhase section */
		27BB5E2722BE5279009F57A3 /* Resources */ = {
			isa = PBXResourcesBuildPhase;
			buildActionMask = 2147483647;
			files = (
				4A526DDD22BE726000773FBD /* Login.storyboard in Resources */,
				27BB5E3722BE527C009F57A3 /* LaunchScreen.storyboard in Resources */,
				27BB5E4822BE6038009F57A3 /* GoogleService-Info.plist in Resources */,
				4A526DDB22BE723100773FBD /* MyCreations.storyboard in Resources */,
				4A526DD922BE721B00773FBD /* Create.storyboard in Resources */,
				4A526DD722BE71F900773FBD /* Configurations.storyboard in Resources */,
				27BB5E3422BE527C009F57A3 /* Assets.xcassets in Resources */,
				8AD1939D22CEEEB400A97250 /* TryOut.storyboard in Resources */,
				27BB5E3222BE5279009F57A3 /* Main.storyboard in Resources */,
				8A74054322CA2E3D00350056 /* TabItemView.xib in Resources */,
			);
			runOnlyForDeploymentPostprocessing = 0;
		};
/* End PBXResourcesBuildPhase section */

/* Begin PBXShellScriptBuildPhase section */
		03D2F941C8C42F33C247E63F /* [CP] Embed Pods Frameworks */ = {
			isa = PBXShellScriptBuildPhase;
			buildActionMask = 2147483647;
			files = (
			);
			inputFileListPaths = (
				"${PODS_ROOT}/Target Support Files/Pods-tcc-treinamento-ios/Pods-tcc-treinamento-ios-frameworks-${CONFIGURATION}-input-files.xcfilelist",
			);
			name = "[CP] Embed Pods Frameworks";
			outputFileListPaths = (
				"${PODS_ROOT}/Target Support Files/Pods-tcc-treinamento-ios/Pods-tcc-treinamento-ios-frameworks-${CONFIGURATION}-output-files.xcfilelist",
			);
			runOnlyForDeploymentPostprocessing = 0;
			shellPath = /bin/sh;
			shellScript = "\"${PODS_ROOT}/Target Support Files/Pods-tcc-treinamento-ios/Pods-tcc-treinamento-ios-frameworks.sh\"\n";
			showEnvVarsInLog = 0;
		};
		9803B3A66A4F0030380A65AF /* [CP] Check Pods Manifest.lock */ = {
			isa = PBXShellScriptBuildPhase;
			buildActionMask = 2147483647;
			files = (
			);
			inputFileListPaths = (
			);
			inputPaths = (
				"${PODS_PODFILE_DIR_PATH}/Podfile.lock",
				"${PODS_ROOT}/Manifest.lock",
			);
			name = "[CP] Check Pods Manifest.lock";
			outputFileListPaths = (
			);
			outputPaths = (
				"$(DERIVED_FILE_DIR)/Pods-tcc-treinamento-ios-checkManifestLockResult.txt",
			);
			runOnlyForDeploymentPostprocessing = 0;
			shellPath = /bin/sh;
			shellScript = "diff \"${PODS_PODFILE_DIR_PATH}/Podfile.lock\" \"${PODS_ROOT}/Manifest.lock\" > /dev/null\nif [ $? != 0 ] ; then\n    # print error to STDERR\n    echo \"error: The sandbox is not in sync with the Podfile.lock. Run 'pod install' or update your CocoaPods installation.\" >&2\n    exit 1\nfi\n# This output is used by Xcode 'outputs' to avoid re-running this script phase.\necho \"SUCCESS\" > \"${SCRIPT_OUTPUT_FILE_0}\"\n";
			showEnvVarsInLog = 0;
		};
/* End PBXShellScriptBuildPhase section */

/* Begin PBXSourcesBuildPhase section */
		27BB5E2522BE5279009F57A3 /* Sources */ = {
			isa = PBXSourcesBuildPhase;
			buildActionMask = 2147483647;
			files = (
				4A526DE522BEB3CE00773FBD /* AppStoryboard.swift in Sources */,
				4A526DE722BEBEDD00773FBD /* UIViewControllerExtensions.swift in Sources */,
				27DFB06322C9730B0031D0AB /* DocumentSnapshot.swift in Sources */,
				4A4B62E222C84561008BABE9 /* PicturesCollectionViewCell.swift in Sources */,
				8AD1939F22CEEF8500A97250 /* TryOutViewController.swift in Sources */,
				2777F86F22BE896300ACFAFA /* AuthMaker.swift in Sources */,
				4A8B263722CAD7EE007628F7 /* AllPicturesCollectionViewCell.swift in Sources */,
				27BB5E2F22BE5279009F57A3 /* ViewController.swift in Sources */,
				27BB5E2D22BE5279009F57A3 /* AppDelegate.swift in Sources */,
				27FA15E322C2F5E40020D169 /* RequestMaker.swift in Sources */,
				2765D89D22C9452A00898C92 /* User.swift in Sources */,
				4A526DE322BE9BB500773FBD /* StoryboardManager.swift in Sources */,
				4A4B62E022C84350008BABE9 /* MyCreationsViewController.swift in Sources */,
				4A4B62CE22C7EDB8008BABE9 /* UIImageViewExtensions.swift in Sources */,
				4A8B263A22CAD9E1007628F7 /* AllPicturesPresenter.swift in Sources */,
				4A4B62D222C804F8008BABE9 /* WallsPresenter.swift in Sources */,
				27DFB06122C9684C0031D0AB /* Picture.swift in Sources */,
				8AF0C53F22CFDAAF00C80F97 /* PictureView.swift in Sources */,
				4A526DE322BE9BB500773FBD /* StoryboardManager.swift in Sources */,
				4A4B62E422C846ED008BABE9 /* PicturesPresenter.swift in Sources */,
				27334EB722D0345A00F529BF /* MyCreationsNavigationController.swift in Sources */,
				8A74054122CA2CFE00350056 /* TabItemView.swift in Sources */,
				8A24AAA622C7E17800BD8534 /* CreateWallViewController.swift in Sources */,
				2710452522CEFE0300CAB1C9 /* ConfigurationViewController.swift in Sources */,
				27BB5E4622BE5B1E009F57A3 /* UIViewExtensions.swift in Sources */,
				4A8B263C22CADA1C007628F7 /* AllPicturesViewController.swift in Sources */,
				2710452722CF06EE00CAB1C9 /* Wall.swift in Sources */,
				8A24AAA822C8105B00BD8534 /* UIImageExtensions.swift in Sources */,
				2777F87122BE8C5400ACFAFA /* Result.swift in Sources */,
				4A4B62CC22C7EA76008BABE9 /* WallsCollectionViewCell.swift in Sources */,
				8A24AAA322C7DC4400BD8534 /* ImagePicker.swift in Sources */,
				272D05C922C5BF5900EFBE35 /* DesignableTextField.swift in Sources */,
				2777F86B22BE6D1000ACFAFA /* LoginViewController.swift in Sources */,
				27BB5E4422BE5ABF009F57A3 /* GradientView.swift in Sources */,
			);
			runOnlyForDeploymentPostprocessing = 0;
		};
/* End PBXSourcesBuildPhase section */

/* Begin PBXVariantGroup section */
		27BB5E3022BE5279009F57A3 /* Main.storyboard */ = {
			isa = PBXVariantGroup;
			children = (
				27BB5E3122BE5279009F57A3 /* Base */,
			);
			name = Main.storyboard;
			sourceTree = "<group>";
		};
		27BB5E3522BE527C009F57A3 /* LaunchScreen.storyboard */ = {
			isa = PBXVariantGroup;
			children = (
				27BB5E3622BE527C009F57A3 /* Base */,
			);
			name = LaunchScreen.storyboard;
			sourceTree = "<group>";
		};
/* End PBXVariantGroup section */

/* Begin XCBuildConfiguration section */
		27BB5E3922BE527C009F57A3 /* Debug */ = {
			isa = XCBuildConfiguration;
			buildSettings = {
				ALWAYS_SEARCH_USER_PATHS = NO;
				CLANG_ANALYZER_NONNULL = YES;
				CLANG_ANALYZER_NUMBER_OBJECT_CONVERSION = YES_AGGRESSIVE;
				CLANG_CXX_LANGUAGE_STANDARD = "gnu++14";
				CLANG_CXX_LIBRARY = "libc++";
				CLANG_ENABLE_MODULES = YES;
				CLANG_ENABLE_OBJC_ARC = YES;
				CLANG_ENABLE_OBJC_WEAK = YES;
				CLANG_WARN_BLOCK_CAPTURE_AUTORELEASING = YES;
				CLANG_WARN_BOOL_CONVERSION = YES;
				CLANG_WARN_COMMA = YES;
				CLANG_WARN_CONSTANT_CONVERSION = YES;
				CLANG_WARN_DEPRECATED_OBJC_IMPLEMENTATIONS = YES;
				CLANG_WARN_DIRECT_OBJC_ISA_USAGE = YES_ERROR;
				CLANG_WARN_DOCUMENTATION_COMMENTS = YES;
				CLANG_WARN_EMPTY_BODY = YES;
				CLANG_WARN_ENUM_CONVERSION = YES;
				CLANG_WARN_INFINITE_RECURSION = YES;
				CLANG_WARN_INT_CONVERSION = YES;
				CLANG_WARN_NON_LITERAL_NULL_CONVERSION = YES;
				CLANG_WARN_OBJC_IMPLICIT_RETAIN_SELF = YES;
				CLANG_WARN_OBJC_LITERAL_CONVERSION = YES;
				CLANG_WARN_OBJC_ROOT_CLASS = YES_ERROR;
				CLANG_WARN_RANGE_LOOP_ANALYSIS = YES;
				CLANG_WARN_STRICT_PROTOTYPES = YES;
				CLANG_WARN_SUSPICIOUS_MOVE = YES;
				CLANG_WARN_UNGUARDED_AVAILABILITY = YES_AGGRESSIVE;
				CLANG_WARN_UNREACHABLE_CODE = YES;
				CLANG_WARN__DUPLICATE_METHOD_MATCH = YES;
				CODE_SIGN_IDENTITY = "iPhone Developer";
				COPY_PHASE_STRIP = NO;
				DEBUG_INFORMATION_FORMAT = dwarf;
				ENABLE_STRICT_OBJC_MSGSEND = YES;
				ENABLE_TESTABILITY = YES;
				GCC_C_LANGUAGE_STANDARD = gnu11;
				GCC_DYNAMIC_NO_PIC = NO;
				GCC_NO_COMMON_BLOCKS = YES;
				GCC_OPTIMIZATION_LEVEL = 0;
				GCC_PREPROCESSOR_DEFINITIONS = (
					"DEBUG=1",
					"$(inherited)",
				);
				GCC_WARN_64_TO_32_BIT_CONVERSION = YES;
				GCC_WARN_ABOUT_RETURN_TYPE = YES_ERROR;
				GCC_WARN_UNDECLARED_SELECTOR = YES;
				GCC_WARN_UNINITIALIZED_AUTOS = YES_AGGRESSIVE;
				GCC_WARN_UNUSED_FUNCTION = YES;
				GCC_WARN_UNUSED_VARIABLE = YES;
				IPHONEOS_DEPLOYMENT_TARGET = 12.1;
				MTL_ENABLE_DEBUG_INFO = INCLUDE_SOURCE;
				MTL_FAST_MATH = YES;
				ONLY_ACTIVE_ARCH = YES;
				SDKROOT = iphoneos;
				SWIFT_ACTIVE_COMPILATION_CONDITIONS = DEBUG;
				SWIFT_OPTIMIZATION_LEVEL = "-Onone";
			};
			name = Debug;
		};
		27BB5E3A22BE527C009F57A3 /* Release */ = {
			isa = XCBuildConfiguration;
			buildSettings = {
				ALWAYS_SEARCH_USER_PATHS = NO;
				CLANG_ANALYZER_NONNULL = YES;
				CLANG_ANALYZER_NUMBER_OBJECT_CONVERSION = YES_AGGRESSIVE;
				CLANG_CXX_LANGUAGE_STANDARD = "gnu++14";
				CLANG_CXX_LIBRARY = "libc++";
				CLANG_ENABLE_MODULES = YES;
				CLANG_ENABLE_OBJC_ARC = YES;
				CLANG_ENABLE_OBJC_WEAK = YES;
				CLANG_WARN_BLOCK_CAPTURE_AUTORELEASING = YES;
				CLANG_WARN_BOOL_CONVERSION = YES;
				CLANG_WARN_COMMA = YES;
				CLANG_WARN_CONSTANT_CONVERSION = YES;
				CLANG_WARN_DEPRECATED_OBJC_IMPLEMENTATIONS = YES;
				CLANG_WARN_DIRECT_OBJC_ISA_USAGE = YES_ERROR;
				CLANG_WARN_DOCUMENTATION_COMMENTS = YES;
				CLANG_WARN_EMPTY_BODY = YES;
				CLANG_WARN_ENUM_CONVERSION = YES;
				CLANG_WARN_INFINITE_RECURSION = YES;
				CLANG_WARN_INT_CONVERSION = YES;
				CLANG_WARN_NON_LITERAL_NULL_CONVERSION = YES;
				CLANG_WARN_OBJC_IMPLICIT_RETAIN_SELF = YES;
				CLANG_WARN_OBJC_LITERAL_CONVERSION = YES;
				CLANG_WARN_OBJC_ROOT_CLASS = YES_ERROR;
				CLANG_WARN_RANGE_LOOP_ANALYSIS = YES;
				CLANG_WARN_STRICT_PROTOTYPES = YES;
				CLANG_WARN_SUSPICIOUS_MOVE = YES;
				CLANG_WARN_UNGUARDED_AVAILABILITY = YES_AGGRESSIVE;
				CLANG_WARN_UNREACHABLE_CODE = YES;
				CLANG_WARN__DUPLICATE_METHOD_MATCH = YES;
				CODE_SIGN_IDENTITY = "iPhone Developer";
				COPY_PHASE_STRIP = NO;
				DEBUG_INFORMATION_FORMAT = "dwarf-with-dsym";
				ENABLE_NS_ASSERTIONS = NO;
				ENABLE_STRICT_OBJC_MSGSEND = YES;
				GCC_C_LANGUAGE_STANDARD = gnu11;
				GCC_NO_COMMON_BLOCKS = YES;
				GCC_WARN_64_TO_32_BIT_CONVERSION = YES;
				GCC_WARN_ABOUT_RETURN_TYPE = YES_ERROR;
				GCC_WARN_UNDECLARED_SELECTOR = YES;
				GCC_WARN_UNINITIALIZED_AUTOS = YES_AGGRESSIVE;
				GCC_WARN_UNUSED_FUNCTION = YES;
				GCC_WARN_UNUSED_VARIABLE = YES;
				IPHONEOS_DEPLOYMENT_TARGET = 12.1;
				MTL_ENABLE_DEBUG_INFO = NO;
				MTL_FAST_MATH = YES;
				SDKROOT = iphoneos;
				SWIFT_COMPILATION_MODE = wholemodule;
				SWIFT_OPTIMIZATION_LEVEL = "-O";
				VALIDATE_PRODUCT = YES;
			};
			name = Release;
		};
		27BB5E3C22BE527C009F57A3 /* Debug */ = {
			isa = XCBuildConfiguration;
			baseConfigurationReference = 57460143793D8A7B7B51C722 /* Pods-tcc-treinamento-ios.debug.xcconfig */;
			buildSettings = {
				ASSETCATALOG_COMPILER_APPICON_NAME = AppIcon;
				CODE_SIGN_STYLE = Automatic;
				DEVELOPMENT_TEAM = BF9MAU4YU9;
				INFOPLIST_FILE = "tcc-treinamento-ios/Info.plist";
				LD_RUNPATH_SEARCH_PATHS = (
					"$(inherited)",
					"@executable_path/Frameworks",
				);
				PRODUCT_BUNDLE_IDENTIFIER = "br.com.cwi.wall-pictures";
				PRODUCT_NAME = "$(TARGET_NAME)";
				SWIFT_VERSION = 4.2;
				TARGETED_DEVICE_FAMILY = "1,2";
			};
			name = Debug;
		};
		27BB5E3D22BE527C009F57A3 /* Release */ = {
			isa = XCBuildConfiguration;
			baseConfigurationReference = 607FC50DF8EB003F2B6BACC5 /* Pods-tcc-treinamento-ios.release.xcconfig */;
			buildSettings = {
				ASSETCATALOG_COMPILER_APPICON_NAME = AppIcon;
				CODE_SIGN_STYLE = Automatic;
				DEVELOPMENT_TEAM = BF9MAU4YU9;
				INFOPLIST_FILE = "tcc-treinamento-ios/Info.plist";
				LD_RUNPATH_SEARCH_PATHS = (
					"$(inherited)",
					"@executable_path/Frameworks",
				);
				PRODUCT_BUNDLE_IDENTIFIER = "br.com.cwi.wall-pictures";
				PRODUCT_NAME = "$(TARGET_NAME)";
				SWIFT_VERSION = 4.2;
				TARGETED_DEVICE_FAMILY = "1,2";
			};
			name = Release;
		};
/* End XCBuildConfiguration section */

/* Begin XCConfigurationList section */
		27BB5E2422BE5279009F57A3 /* Build configuration list for PBXProject "tcc-treinamento-ios" */ = {
			isa = XCConfigurationList;
			buildConfigurations = (
				27BB5E3922BE527C009F57A3 /* Debug */,
				27BB5E3A22BE527C009F57A3 /* Release */,
			);
			defaultConfigurationIsVisible = 0;
			defaultConfigurationName = Release;
		};
		27BB5E3B22BE527C009F57A3 /* Build configuration list for PBXNativeTarget "tcc-treinamento-ios" */ = {
			isa = XCConfigurationList;
			buildConfigurations = (
				27BB5E3C22BE527C009F57A3 /* Debug */,
				27BB5E3D22BE527C009F57A3 /* Release */,
			);
			defaultConfigurationIsVisible = 0;
			defaultConfigurationName = Release;
		};
/* End XCConfigurationList section */
	};
	rootObject = 27BB5E2122BE5279009F57A3 /* Project object */;
}
